
Microsoft Visual Studio Solution File, Format Version 12.00
# Visual Studio Version 16
VisualStudioVersion = 16.0.30717.126
MinimumVisualStudioVersion = 10.0.40219.1
Project("{FAE04EC0-301F-11D3-BF4B-00C04F79EFBC}") = "PlaystationGamesLoadWebJob", "PlaystationGamesLoadWebJob\PlaystationGamesLoadWebJob.csproj", "{2C3946A7-4E35-44A4-B36F-8956AB832970}"
EndProject
Project("{2150E333-8FDC-42A3-9474-1A3956D46DE8}") = "src", "src", "{D7A80096-D2E1-44E2-91F5-B1F40EBA4FBD}"
EndProject
Project("{2150E333-8FDC-42A3-9474-1A3956D46DE8}") = "GamesLoad", "GamesLoad", "{FD950E5D-F39E-40F8-A8BB-46F5A46F3A9F}"
EndProject
Project("{FAE04EC0-301F-11D3-BF4B-00C04F79EFBC}") = "PlaystationGamesLoadScrapper", "PlaystationGamesLoadScrapper\PlaystationGamesLoadScrapper.csproj", "{8F7057A5-3603-4ED5-9DF5-E921AFEAEEFA}"
EndProject
Global
	GlobalSection(SolutionConfigurationPlatforms) = preSolution
		Debug|Any CPU = Debug|Any CPU
		Release|Any CPU = Release|Any CPU
	EndGlobalSection
	GlobalSection(ProjectConfigurationPlatforms) = postSolution
		{2C3946A7-4E35-44A4-B36F-8956AB832970}.Debug|Any CPU.ActiveCfg = Debug|Any CPU
		{2C3946A7-4E35-44A4-B36F-8956AB832970}.Debug|Any CPU.Build.0 = Debug|Any CPU
		{2C3946A7-4E35-44A4-B36F-8956AB832970}.Release|Any CPU.ActiveCfg = Release|Any CPU
		{2C3946A7-4E35-44A4-B36F-8956AB832970}.Release|Any CPU.Build.0 = Release|Any CPU
		{8F7057A5-3603-4ED5-9DF5-E921AFEAEEFA}.Debug|Any CPU.ActiveCfg = Debug|Any CPU
		{8F7057A5-3603-4ED5-9DF5-E921AFEAEEFA}.Debug|Any CPU.Build.0 = Debug|Any CPU
		{8F7057A5-3603-4ED5-9DF5-E921AFEAEEFA}.Release|Any CPU.ActiveCfg = Release|Any CPU
		{8F7057A5-3603-4ED5-9DF5-E921AFEAEEFA}.Release|Any CPU.Build.0 = Release|Any CPU
	EndGlobalSection
	GlobalSection(SolutionProperties) = preSolution
		HideSolutionNode = FALSE
	EndGlobalSection
	GlobalSection(NestedProjects) = preSolution
		{2C3946A7-4E35-44A4-B36F-8956AB832970} = {FD950E5D-F39E-40F8-A8BB-46F5A46F3A9F}
		{FD950E5D-F39E-40F8-A8BB-46F5A46F3A9F} = {D7A80096-D2E1-44E2-91F5-B1F40EBA4FBD}
		{8F7057A5-3603-4ED5-9DF5-E921AFEAEEFA} = {FD950E5D-F39E-40F8-A8BB-46F5A46F3A9F}
	EndGlobalSection
	GlobalSection(ExtensibilityGlobals) = postSolution
		SolutionGuid = {C8ABC309-DD14-493A-8DFA-14E4FFC74FF6}
	EndGlobalSection
EndGlobal
