
Microsoft Visual Studio Solution File, Format Version 12.00
# Visual Studio Version 16
VisualStudioVersion = 16.0.30717.126
MinimumVisualStudioVersion = 10.0.40219.1
Project("{2150E333-8FDC-42A3-9474-1A3956D46DE8}") = "src", "src", "{D7A80096-D2E1-44E2-91F5-B1F40EBA4FBD}"
EndProject
Project("{2150E333-8FDC-42A3-9474-1A3956D46DE8}") = "GamesImporter", "GamesImporter", "{FD950E5D-F39E-40F8-A8BB-46F5A46F3A9F}"
EndProject
Project("{9A19103F-16F7-4668-BE54-9A1E7A4F7556}") = "PlaystationGamesImporterWebJob", "PlaystationGamesImporterWebJob\PlaystationGamesImporterWebJob.csproj", "{8530039B-23FD-4B8A-84CC-8662804AC2F9}"
EndProject
Project("{9A19103F-16F7-4668-BE54-9A1E7A4F7556}") = "PlaystationGamesImporterScrapper", "PlaystationGamesImporterScrapper\PlaystationGamesImporterScrapper.csproj", "{132B12A0-4224-4255-BF9A-AF72F1819AB6}"
EndProject
Project("{2150E333-8FDC-42A3-9474-1A3956D46DE8}") = "Core", "Core", "{9795F0BF-7D9B-44A0-8919-30FAEABEB2C4}"
EndProject
Project("{9A19103F-16F7-4668-BE54-9A1E7A4F7556}") = "PlaystationWishlist.Core", "PlaystationWishlist.Core\PlaystationWishlist.Core.csproj", "{EF9134C4-13BC-49EF-B9C4-4C5199898A53}"
EndProject
Project("{2150E333-8FDC-42A3-9474-1A3956D46DE8}") = "Infrastructure", "Infrastructure", "{C70B6BA5-7A46-42C6-9569-30B309BBCEBE}"
EndProject
Project("{9A19103F-16F7-4668-BE54-9A1E7A4F7556}") = "PlaystationWishlist.DataAccess", "PlaystationWishlist.Infrastructure\PlaystationWishlist.DataAccess.csproj", "{8C7EC26F-6847-4189-9C1D-7013DD910C58}"
EndProject
Project("{9A19103F-16F7-4668-BE54-9A1E7A4F7556}") = "PlaystationWishlist.KeyVault", "PlaystationWishlist.KeyVault\PlaystationWishlist.KeyVault.csproj", "{EA492D7C-FE6F-4B73-AEAE-72CFA8199B9F}"
EndProject
Project("{2150E333-8FDC-42A3-9474-1A3956D46DE8}") = "UI", "UI", "{FBD7AA9E-5F16-452A-9513-8EEB9B45D65A}"
EndProject
Project("{9A19103F-16F7-4668-BE54-9A1E7A4F7556}") = "PlaystationWishlistAPI", "PlaystationWishlistAPI\PlaystationWishlistAPI.csproj", "{F0DA2739-1FED-40BE-88C8-4C0EF07457A1}"
EndProject
Project("{9A19103F-16F7-4668-BE54-9A1E7A4F7556}") = "PlaystationWishlistWebSite", "PlaystationWishlistWebSite\PlaystationWishlistWebSite.csproj", "{EFEF37B1-814C-4069-A416-1A91CC434C05}"
EndProject
Project("{9A19103F-16F7-4668-BE54-9A1E7A4F7556}") = "PlaystationWishlist.AutoMapper", "PlaystationWishlist.AutoMapper\PlaystationWishlist.AutoMapper.csproj", "{08338ED4-1DF9-4793-85CE-56A669AEACDB}"
EndProject
Project("{9A19103F-16F7-4668-BE54-9A1E7A4F7556}") = "PlaystationWishlistWebSite.Models", "PlaystationWishlistWebSite.Models\PlaystationWishlistWebSite.Models.csproj", "{C5FA5A5A-9913-4EFD-BE8C-A836FD892A42}"
EndProject
Project("{9A19103F-16F7-4668-BE54-9A1E7A4F7556}") = "PlaystationWishlistAPI.Models", "PlaystationWishlistAPI.Models\PlaystationWishlistAPI.Models.csproj", "{9191EE14-D852-4859-B252-C381828AF840}"
EndProject
Project("{9A19103F-16F7-4668-BE54-9A1E7A4F7556}") = "PlaystationWishlist.EmailSender", "EmailSender\PlaystationWishlist.EmailSender.csproj", "{E460DA9E-053D-49F8-8B57-E6D26D8C4C82}"
EndProject
Project("{9A19103F-16F7-4668-BE54-9A1E7A4F7556}") = "PlaystationGamesImporterFunction", "PlaystationWishlistFunctionsOrchestrator\PlaystationGamesImporterFunction.csproj", "{5FBBB061-949A-47D0-B4C3-B4977FF48C87}"
EndProject
Project("{2150E333-8FDC-42A3-9474-1A3956D46DE8}") = "Web", "Web", "{CBD790E8-2A40-4DA0-8B55-A7C5715C7AFD}"
EndProject
Project("{2150E333-8FDC-42A3-9474-1A3956D46DE8}") = "Mobile", "Mobile", "{86D008A0-B776-4C8B-B33F-C48A21E1BA2B}"
EndProject
Project("{FAE04EC0-301F-11D3-BF4B-00C04F79EFBC}") = "PlaystationWishlistApp.Android", "PlaystationWishlistApp\PlaystationWishlistApp.Android\PlaystationWishlistApp.Android.csproj", "{66E257A3-5B65-4A3D-8C44-A904726D5E75}"
EndProject
Project("{FAE04EC0-301F-11D3-BF4B-00C04F79EFBC}") = "PlaystationWishlistApp.iOS", "PlaystationWishlistApp\PlaystationWishlistApp.iOS\PlaystationWishlistApp.iOS.csproj", "{AEC28CFC-C3BF-42F3-9D79-CD4772FA3AD3}"
EndProject
Project("{FAE04EC0-301F-11D3-BF4B-00C04F79EFBC}") = "PlaystationWishlistApp", "PlaystationWishlistApp\PlaystationWishlistApp\PlaystationWishlistApp.csproj", "{DF41CC28-5DB9-4605-A5B0-AF4563644656}"
EndProject
Global
	GlobalSection(SolutionConfigurationPlatforms) = preSolution
		Debug|Any CPU = Debug|Any CPU
		Debug|iPhone = Debug|iPhone
		Debug|iPhoneSimulator = Debug|iPhoneSimulator
		Release|Any CPU = Release|Any CPU
		Release|iPhone = Release|iPhone
		Release|iPhoneSimulator = Release|iPhoneSimulator
	EndGlobalSection
	GlobalSection(ProjectConfigurationPlatforms) = postSolution
		{8530039B-23FD-4B8A-84CC-8662804AC2F9}.Debug|Any CPU.ActiveCfg = Debug|Any CPU
		{8530039B-23FD-4B8A-84CC-8662804AC2F9}.Debug|Any CPU.Build.0 = Debug|Any CPU
		{8530039B-23FD-4B8A-84CC-8662804AC2F9}.Debug|iPhone.ActiveCfg = Debug|Any CPU
		{8530039B-23FD-4B8A-84CC-8662804AC2F9}.Debug|iPhone.Build.0 = Debug|Any CPU
		{8530039B-23FD-4B8A-84CC-8662804AC2F9}.Debug|iPhoneSimulator.ActiveCfg = Debug|Any CPU
		{8530039B-23FD-4B8A-84CC-8662804AC2F9}.Debug|iPhoneSimulator.Build.0 = Debug|Any CPU
		{8530039B-23FD-4B8A-84CC-8662804AC2F9}.Release|Any CPU.ActiveCfg = Release|Any CPU
		{8530039B-23FD-4B8A-84CC-8662804AC2F9}.Release|Any CPU.Build.0 = Release|Any CPU
		{8530039B-23FD-4B8A-84CC-8662804AC2F9}.Release|iPhone.ActiveCfg = Release|Any CPU
		{8530039B-23FD-4B8A-84CC-8662804AC2F9}.Release|iPhone.Build.0 = Release|Any CPU
		{8530039B-23FD-4B8A-84CC-8662804AC2F9}.Release|iPhoneSimulator.ActiveCfg = Release|Any CPU
		{8530039B-23FD-4B8A-84CC-8662804AC2F9}.Release|iPhoneSimulator.Build.0 = Release|Any CPU
		{132B12A0-4224-4255-BF9A-AF72F1819AB6}.Debug|Any CPU.ActiveCfg = Debug|Any CPU
		{132B12A0-4224-4255-BF9A-AF72F1819AB6}.Debug|Any CPU.Build.0 = Debug|Any CPU
		{132B12A0-4224-4255-BF9A-AF72F1819AB6}.Debug|iPhone.ActiveCfg = Debug|Any CPU
		{132B12A0-4224-4255-BF9A-AF72F1819AB6}.Debug|iPhone.Build.0 = Debug|Any CPU
		{132B12A0-4224-4255-BF9A-AF72F1819AB6}.Debug|iPhoneSimulator.ActiveCfg = Debug|Any CPU
		{132B12A0-4224-4255-BF9A-AF72F1819AB6}.Debug|iPhoneSimulator.Build.0 = Debug|Any CPU
		{132B12A0-4224-4255-BF9A-AF72F1819AB6}.Release|Any CPU.ActiveCfg = Release|Any CPU
		{132B12A0-4224-4255-BF9A-AF72F1819AB6}.Release|Any CPU.Build.0 = Release|Any CPU
		{132B12A0-4224-4255-BF9A-AF72F1819AB6}.Release|iPhone.ActiveCfg = Release|Any CPU
		{132B12A0-4224-4255-BF9A-AF72F1819AB6}.Release|iPhone.Build.0 = Release|Any CPU
		{132B12A0-4224-4255-BF9A-AF72F1819AB6}.Release|iPhoneSimulator.ActiveCfg = Release|Any CPU
		{132B12A0-4224-4255-BF9A-AF72F1819AB6}.Release|iPhoneSimulator.Build.0 = Release|Any CPU
		{EF9134C4-13BC-49EF-B9C4-4C5199898A53}.Debug|Any CPU.ActiveCfg = Debug|Any CPU
		{EF9134C4-13BC-49EF-B9C4-4C5199898A53}.Debug|Any CPU.Build.0 = Debug|Any CPU
		{EF9134C4-13BC-49EF-B9C4-4C5199898A53}.Debug|iPhone.ActiveCfg = Debug|Any CPU
		{EF9134C4-13BC-49EF-B9C4-4C5199898A53}.Debug|iPhone.Build.0 = Debug|Any CPU
		{EF9134C4-13BC-49EF-B9C4-4C5199898A53}.Debug|iPhoneSimulator.ActiveCfg = Debug|Any CPU
		{EF9134C4-13BC-49EF-B9C4-4C5199898A53}.Debug|iPhoneSimulator.Build.0 = Debug|Any CPU
		{EF9134C4-13BC-49EF-B9C4-4C5199898A53}.Release|Any CPU.ActiveCfg = Release|Any CPU
		{EF9134C4-13BC-49EF-B9C4-4C5199898A53}.Release|Any CPU.Build.0 = Release|Any CPU
		{EF9134C4-13BC-49EF-B9C4-4C5199898A53}.Release|iPhone.ActiveCfg = Release|Any CPU
		{EF9134C4-13BC-49EF-B9C4-4C5199898A53}.Release|iPhone.Build.0 = Release|Any CPU
		{EF9134C4-13BC-49EF-B9C4-4C5199898A53}.Release|iPhoneSimulator.ActiveCfg = Release|Any CPU
		{EF9134C4-13BC-49EF-B9C4-4C5199898A53}.Release|iPhoneSimulator.Build.0 = Release|Any CPU
		{8C7EC26F-6847-4189-9C1D-7013DD910C58}.Debug|Any CPU.ActiveCfg = Debug|Any CPU
		{8C7EC26F-6847-4189-9C1D-7013DD910C58}.Debug|Any CPU.Build.0 = Debug|Any CPU
		{8C7EC26F-6847-4189-9C1D-7013DD910C58}.Debug|iPhone.ActiveCfg = Debug|Any CPU
		{8C7EC26F-6847-4189-9C1D-7013DD910C58}.Debug|iPhone.Build.0 = Debug|Any CPU
		{8C7EC26F-6847-4189-9C1D-7013DD910C58}.Debug|iPhoneSimulator.ActiveCfg = Debug|Any CPU
		{8C7EC26F-6847-4189-9C1D-7013DD910C58}.Debug|iPhoneSimulator.Build.0 = Debug|Any CPU
		{8C7EC26F-6847-4189-9C1D-7013DD910C58}.Release|Any CPU.ActiveCfg = Release|Any CPU
		{8C7EC26F-6847-4189-9C1D-7013DD910C58}.Release|Any CPU.Build.0 = Release|Any CPU
		{8C7EC26F-6847-4189-9C1D-7013DD910C58}.Release|iPhone.ActiveCfg = Release|Any CPU
		{8C7EC26F-6847-4189-9C1D-7013DD910C58}.Release|iPhone.Build.0 = Release|Any CPU
		{8C7EC26F-6847-4189-9C1D-7013DD910C58}.Release|iPhoneSimulator.ActiveCfg = Release|Any CPU
		{8C7EC26F-6847-4189-9C1D-7013DD910C58}.Release|iPhoneSimulator.Build.0 = Release|Any CPU
		{EA492D7C-FE6F-4B73-AEAE-72CFA8199B9F}.Debug|Any CPU.ActiveCfg = Debug|Any CPU
		{EA492D7C-FE6F-4B73-AEAE-72CFA8199B9F}.Debug|Any CPU.Build.0 = Debug|Any CPU
		{EA492D7C-FE6F-4B73-AEAE-72CFA8199B9F}.Debug|iPhone.ActiveCfg = Debug|Any CPU
		{EA492D7C-FE6F-4B73-AEAE-72CFA8199B9F}.Debug|iPhone.Build.0 = Debug|Any CPU
		{EA492D7C-FE6F-4B73-AEAE-72CFA8199B9F}.Debug|iPhoneSimulator.ActiveCfg = Debug|Any CPU
		{EA492D7C-FE6F-4B73-AEAE-72CFA8199B9F}.Debug|iPhoneSimulator.Build.0 = Debug|Any CPU
		{EA492D7C-FE6F-4B73-AEAE-72CFA8199B9F}.Release|Any CPU.ActiveCfg = Release|Any CPU
		{EA492D7C-FE6F-4B73-AEAE-72CFA8199B9F}.Release|Any CPU.Build.0 = Release|Any CPU
		{EA492D7C-FE6F-4B73-AEAE-72CFA8199B9F}.Release|iPhone.ActiveCfg = Release|Any CPU
		{EA492D7C-FE6F-4B73-AEAE-72CFA8199B9F}.Release|iPhone.Build.0 = Release|Any CPU
		{EA492D7C-FE6F-4B73-AEAE-72CFA8199B9F}.Release|iPhoneSimulator.ActiveCfg = Release|Any CPU
		{EA492D7C-FE6F-4B73-AEAE-72CFA8199B9F}.Release|iPhoneSimulator.Build.0 = Release|Any CPU
		{F0DA2739-1FED-40BE-88C8-4C0EF07457A1}.Debug|Any CPU.ActiveCfg = Debug|Any CPU
		{F0DA2739-1FED-40BE-88C8-4C0EF07457A1}.Debug|Any CPU.Build.0 = Debug|Any CPU
		{F0DA2739-1FED-40BE-88C8-4C0EF07457A1}.Debug|iPhone.ActiveCfg = Debug|Any CPU
		{F0DA2739-1FED-40BE-88C8-4C0EF07457A1}.Debug|iPhone.Build.0 = Debug|Any CPU
		{F0DA2739-1FED-40BE-88C8-4C0EF07457A1}.Debug|iPhoneSimulator.ActiveCfg = Debug|Any CPU
		{F0DA2739-1FED-40BE-88C8-4C0EF07457A1}.Debug|iPhoneSimulator.Build.0 = Debug|Any CPU
		{F0DA2739-1FED-40BE-88C8-4C0EF07457A1}.Release|Any CPU.ActiveCfg = Release|Any CPU
		{F0DA2739-1FED-40BE-88C8-4C0EF07457A1}.Release|Any CPU.Build.0 = Release|Any CPU
		{F0DA2739-1FED-40BE-88C8-4C0EF07457A1}.Release|iPhone.ActiveCfg = Release|Any CPU
		{F0DA2739-1FED-40BE-88C8-4C0EF07457A1}.Release|iPhone.Build.0 = Release|Any CPU
		{F0DA2739-1FED-40BE-88C8-4C0EF07457A1}.Release|iPhoneSimulator.ActiveCfg = Release|Any CPU
		{F0DA2739-1FED-40BE-88C8-4C0EF07457A1}.Release|iPhoneSimulator.Build.0 = Release|Any CPU
		{EFEF37B1-814C-4069-A416-1A91CC434C05}.Debug|Any CPU.ActiveCfg = Debug|Any CPU
		{EFEF37B1-814C-4069-A416-1A91CC434C05}.Debug|Any CPU.Build.0 = Debug|Any CPU
		{EFEF37B1-814C-4069-A416-1A91CC434C05}.Debug|iPhone.ActiveCfg = Debug|Any CPU
		{EFEF37B1-814C-4069-A416-1A91CC434C05}.Debug|iPhone.Build.0 = Debug|Any CPU
		{EFEF37B1-814C-4069-A416-1A91CC434C05}.Debug|iPhoneSimulator.ActiveCfg = Debug|Any CPU
		{EFEF37B1-814C-4069-A416-1A91CC434C05}.Debug|iPhoneSimulator.Build.0 = Debug|Any CPU
		{EFEF37B1-814C-4069-A416-1A91CC434C05}.Release|Any CPU.ActiveCfg = Release|Any CPU
		{EFEF37B1-814C-4069-A416-1A91CC434C05}.Release|Any CPU.Build.0 = Release|Any CPU
		{EFEF37B1-814C-4069-A416-1A91CC434C05}.Release|iPhone.ActiveCfg = Release|Any CPU
		{EFEF37B1-814C-4069-A416-1A91CC434C05}.Release|iPhone.Build.0 = Release|Any CPU
		{EFEF37B1-814C-4069-A416-1A91CC434C05}.Release|iPhoneSimulator.ActiveCfg = Release|Any CPU
		{EFEF37B1-814C-4069-A416-1A91CC434C05}.Release|iPhoneSimulator.Build.0 = Release|Any CPU
		{08338ED4-1DF9-4793-85CE-56A669AEACDB}.Debug|Any CPU.ActiveCfg = Debug|Any CPU
		{08338ED4-1DF9-4793-85CE-56A669AEACDB}.Debug|Any CPU.Build.0 = Debug|Any CPU
		{08338ED4-1DF9-4793-85CE-56A669AEACDB}.Debug|iPhone.ActiveCfg = Debug|Any CPU
		{08338ED4-1DF9-4793-85CE-56A669AEACDB}.Debug|iPhone.Build.0 = Debug|Any CPU
		{08338ED4-1DF9-4793-85CE-56A669AEACDB}.Debug|iPhoneSimulator.ActiveCfg = Debug|Any CPU
		{08338ED4-1DF9-4793-85CE-56A669AEACDB}.Debug|iPhoneSimulator.Build.0 = Debug|Any CPU
		{08338ED4-1DF9-4793-85CE-56A669AEACDB}.Release|Any CPU.ActiveCfg = Release|Any CPU
		{08338ED4-1DF9-4793-85CE-56A669AEACDB}.Release|Any CPU.Build.0 = Release|Any CPU
		{08338ED4-1DF9-4793-85CE-56A669AEACDB}.Release|iPhone.ActiveCfg = Release|Any CPU
		{08338ED4-1DF9-4793-85CE-56A669AEACDB}.Release|iPhone.Build.0 = Release|Any CPU
		{08338ED4-1DF9-4793-85CE-56A669AEACDB}.Release|iPhoneSimulator.ActiveCfg = Release|Any CPU
		{08338ED4-1DF9-4793-85CE-56A669AEACDB}.Release|iPhoneSimulator.Build.0 = Release|Any CPU
		{C5FA5A5A-9913-4EFD-BE8C-A836FD892A42}.Debug|Any CPU.ActiveCfg = Debug|Any CPU
		{C5FA5A5A-9913-4EFD-BE8C-A836FD892A42}.Debug|Any CPU.Build.0 = Debug|Any CPU
		{C5FA5A5A-9913-4EFD-BE8C-A836FD892A42}.Debug|iPhone.ActiveCfg = Debug|Any CPU
		{C5FA5A5A-9913-4EFD-BE8C-A836FD892A42}.Debug|iPhone.Build.0 = Debug|Any CPU
		{C5FA5A5A-9913-4EFD-BE8C-A836FD892A42}.Debug|iPhoneSimulator.ActiveCfg = Debug|Any CPU
		{C5FA5A5A-9913-4EFD-BE8C-A836FD892A42}.Debug|iPhoneSimulator.Build.0 = Debug|Any CPU
		{C5FA5A5A-9913-4EFD-BE8C-A836FD892A42}.Release|Any CPU.ActiveCfg = Release|Any CPU
		{C5FA5A5A-9913-4EFD-BE8C-A836FD892A42}.Release|Any CPU.Build.0 = Release|Any CPU
		{C5FA5A5A-9913-4EFD-BE8C-A836FD892A42}.Release|iPhone.ActiveCfg = Release|Any CPU
		{C5FA5A5A-9913-4EFD-BE8C-A836FD892A42}.Release|iPhone.Build.0 = Release|Any CPU
		{C5FA5A5A-9913-4EFD-BE8C-A836FD892A42}.Release|iPhoneSimulator.ActiveCfg = Release|Any CPU
		{C5FA5A5A-9913-4EFD-BE8C-A836FD892A42}.Release|iPhoneSimulator.Build.0 = Release|Any CPU
		{9191EE14-D852-4859-B252-C381828AF840}.Debug|Any CPU.ActiveCfg = Debug|Any CPU
		{9191EE14-D852-4859-B252-C381828AF840}.Debug|Any CPU.Build.0 = Debug|Any CPU
		{9191EE14-D852-4859-B252-C381828AF840}.Debug|iPhone.ActiveCfg = Debug|Any CPU
		{9191EE14-D852-4859-B252-C381828AF840}.Debug|iPhone.Build.0 = Debug|Any CPU
		{9191EE14-D852-4859-B252-C381828AF840}.Debug|iPhoneSimulator.ActiveCfg = Debug|Any CPU
		{9191EE14-D852-4859-B252-C381828AF840}.Debug|iPhoneSimulator.Build.0 = Debug|Any CPU
		{9191EE14-D852-4859-B252-C381828AF840}.Release|Any CPU.ActiveCfg = Release|Any CPU
		{9191EE14-D852-4859-B252-C381828AF840}.Release|Any CPU.Build.0 = Release|Any CPU
		{9191EE14-D852-4859-B252-C381828AF840}.Release|iPhone.ActiveCfg = Release|Any CPU
		{9191EE14-D852-4859-B252-C381828AF840}.Release|iPhone.Build.0 = Release|Any CPU
		{9191EE14-D852-4859-B252-C381828AF840}.Release|iPhoneSimulator.ActiveCfg = Release|Any CPU
		{9191EE14-D852-4859-B252-C381828AF840}.Release|iPhoneSimulator.Build.0 = Release|Any CPU
		{E460DA9E-053D-49F8-8B57-E6D26D8C4C82}.Debug|Any CPU.ActiveCfg = Debug|Any CPU
		{E460DA9E-053D-49F8-8B57-E6D26D8C4C82}.Debug|Any CPU.Build.0 = Debug|Any CPU
		{E460DA9E-053D-49F8-8B57-E6D26D8C4C82}.Debug|iPhone.ActiveCfg = Debug|Any CPU
		{E460DA9E-053D-49F8-8B57-E6D26D8C4C82}.Debug|iPhone.Build.0 = Debug|Any CPU
		{E460DA9E-053D-49F8-8B57-E6D26D8C4C82}.Debug|iPhoneSimulator.ActiveCfg = Debug|Any CPU
		{E460DA9E-053D-49F8-8B57-E6D26D8C4C82}.Debug|iPhoneSimulator.Build.0 = Debug|Any CPU
		{E460DA9E-053D-49F8-8B57-E6D26D8C4C82}.Release|Any CPU.ActiveCfg = Release|Any CPU
		{E460DA9E-053D-49F8-8B57-E6D26D8C4C82}.Release|Any CPU.Build.0 = Release|Any CPU
		{E460DA9E-053D-49F8-8B57-E6D26D8C4C82}.Release|iPhone.ActiveCfg = Release|Any CPU
		{E460DA9E-053D-49F8-8B57-E6D26D8C4C82}.Release|iPhone.Build.0 = Release|Any CPU
		{E460DA9E-053D-49F8-8B57-E6D26D8C4C82}.Release|iPhoneSimulator.ActiveCfg = Release|Any CPU
		{E460DA9E-053D-49F8-8B57-E6D26D8C4C82}.Release|iPhoneSimulator.Build.0 = Release|Any CPU
		{5FBBB061-949A-47D0-B4C3-B4977FF48C87}.Debug|Any CPU.ActiveCfg = Debug|Any CPU
		{5FBBB061-949A-47D0-B4C3-B4977FF48C87}.Debug|Any CPU.Build.0 = Debug|Any CPU
		{5FBBB061-949A-47D0-B4C3-B4977FF48C87}.Debug|iPhone.ActiveCfg = Debug|Any CPU
		{5FBBB061-949A-47D0-B4C3-B4977FF48C87}.Debug|iPhone.Build.0 = Debug|Any CPU
		{5FBBB061-949A-47D0-B4C3-B4977FF48C87}.Debug|iPhoneSimulator.ActiveCfg = Debug|Any CPU
		{5FBBB061-949A-47D0-B4C3-B4977FF48C87}.Debug|iPhoneSimulator.Build.0 = Debug|Any CPU
		{5FBBB061-949A-47D0-B4C3-B4977FF48C87}.Release|Any CPU.ActiveCfg = Release|Any CPU
		{5FBBB061-949A-47D0-B4C3-B4977FF48C87}.Release|Any CPU.Build.0 = Release|Any CPU
		{5FBBB061-949A-47D0-B4C3-B4977FF48C87}.Release|iPhone.ActiveCfg = Release|Any CPU
		{5FBBB061-949A-47D0-B4C3-B4977FF48C87}.Release|iPhone.Build.0 = Release|Any CPU
		{5FBBB061-949A-47D0-B4C3-B4977FF48C87}.Release|iPhoneSimulator.ActiveCfg = Release|Any CPU
		{5FBBB061-949A-47D0-B4C3-B4977FF48C87}.Release|iPhoneSimulator.Build.0 = Release|Any CPU
		{66E257A3-5B65-4A3D-8C44-A904726D5E75}.Debug|Any CPU.ActiveCfg = Debug|Any CPU
		{66E257A3-5B65-4A3D-8C44-A904726D5E75}.Debug|Any CPU.Build.0 = Debug|Any CPU
		{66E257A3-5B65-4A3D-8C44-A904726D5E75}.Debug|Any CPU.Deploy.0 = Debug|Any CPU
		{66E257A3-5B65-4A3D-8C44-A904726D5E75}.Debug|iPhone.ActiveCfg = Debug|Any CPU
		{66E257A3-5B65-4A3D-8C44-A904726D5E75}.Debug|iPhone.Build.0 = Debug|Any CPU
		{66E257A3-5B65-4A3D-8C44-A904726D5E75}.Debug|iPhone.Deploy.0 = Debug|Any CPU
		{66E257A3-5B65-4A3D-8C44-A904726D5E75}.Debug|iPhoneSimulator.ActiveCfg = Debug|Any CPU
		{66E257A3-5B65-4A3D-8C44-A904726D5E75}.Debug|iPhoneSimulator.Build.0 = Debug|Any CPU
		{66E257A3-5B65-4A3D-8C44-A904726D5E75}.Debug|iPhoneSimulator.Deploy.0 = Debug|Any CPU
		{66E257A3-5B65-4A3D-8C44-A904726D5E75}.Release|Any CPU.ActiveCfg = Release|Any CPU
		{66E257A3-5B65-4A3D-8C44-A904726D5E75}.Release|Any CPU.Build.0 = Release|Any CPU
		{66E257A3-5B65-4A3D-8C44-A904726D5E75}.Release|Any CPU.Deploy.0 = Release|Any CPU
		{66E257A3-5B65-4A3D-8C44-A904726D5E75}.Release|iPhone.ActiveCfg = Release|Any CPU
		{66E257A3-5B65-4A3D-8C44-A904726D5E75}.Release|iPhone.Build.0 = Release|Any CPU
		{66E257A3-5B65-4A3D-8C44-A904726D5E75}.Release|iPhone.Deploy.0 = Release|Any CPU
		{66E257A3-5B65-4A3D-8C44-A904726D5E75}.Release|iPhoneSimulator.ActiveCfg = Release|Any CPU
		{66E257A3-5B65-4A3D-8C44-A904726D5E75}.Release|iPhoneSimulator.Build.0 = Release|Any CPU
		{66E257A3-5B65-4A3D-8C44-A904726D5E75}.Release|iPhoneSimulator.Deploy.0 = Release|Any CPU
		{AEC28CFC-C3BF-42F3-9D79-CD4772FA3AD3}.Debug|Any CPU.ActiveCfg = Debug|iPhoneSimulator
		{AEC28CFC-C3BF-42F3-9D79-CD4772FA3AD3}.Debug|iPhone.ActiveCfg = Debug|iPhone
		{AEC28CFC-C3BF-42F3-9D79-CD4772FA3AD3}.Debug|iPhone.Build.0 = Debug|iPhone
		{AEC28CFC-C3BF-42F3-9D79-CD4772FA3AD3}.Debug|iPhoneSimulator.ActiveCfg = Debug|iPhoneSimulator
		{AEC28CFC-C3BF-42F3-9D79-CD4772FA3AD3}.Debug|iPhoneSimulator.Build.0 = Debug|iPhoneSimulator
		{AEC28CFC-C3BF-42F3-9D79-CD4772FA3AD3}.Release|Any CPU.ActiveCfg = Release|iPhoneSimulator
		{AEC28CFC-C3BF-42F3-9D79-CD4772FA3AD3}.Release|iPhone.ActiveCfg = Release|iPhone
		{AEC28CFC-C3BF-42F3-9D79-CD4772FA3AD3}.Release|iPhone.Build.0 = Release|iPhone
		{AEC28CFC-C3BF-42F3-9D79-CD4772FA3AD3}.Release|iPhoneSimulator.ActiveCfg = Release|iPhoneSimulator
		{AEC28CFC-C3BF-42F3-9D79-CD4772FA3AD3}.Release|iPhoneSimulator.Build.0 = Release|iPhoneSimulator
		{DF41CC28-5DB9-4605-A5B0-AF4563644656}.Debug|Any CPU.ActiveCfg = Debug|Any CPU
		{DF41CC28-5DB9-4605-A5B0-AF4563644656}.Debug|Any CPU.Build.0 = Debug|Any CPU
		{DF41CC28-5DB9-4605-A5B0-AF4563644656}.Debug|iPhone.ActiveCfg = Debug|Any CPU
		{DF41CC28-5DB9-4605-A5B0-AF4563644656}.Debug|iPhone.Build.0 = Debug|Any CPU
		{DF41CC28-5DB9-4605-A5B0-AF4563644656}.Debug|iPhoneSimulator.ActiveCfg = Debug|Any CPU
		{DF41CC28-5DB9-4605-A5B0-AF4563644656}.Debug|iPhoneSimulator.Build.0 = Debug|Any CPU
		{DF41CC28-5DB9-4605-A5B0-AF4563644656}.Release|Any CPU.ActiveCfg = Release|Any CPU
		{DF41CC28-5DB9-4605-A5B0-AF4563644656}.Release|Any CPU.Build.0 = Release|Any CPU
		{DF41CC28-5DB9-4605-A5B0-AF4563644656}.Release|iPhone.ActiveCfg = Release|Any CPU
		{DF41CC28-5DB9-4605-A5B0-AF4563644656}.Release|iPhone.Build.0 = Release|Any CPU
		{DF41CC28-5DB9-4605-A5B0-AF4563644656}.Release|iPhoneSimulator.ActiveCfg = Release|Any CPU
		{DF41CC28-5DB9-4605-A5B0-AF4563644656}.Release|iPhoneSimulator.Build.0 = Release|Any CPU
	EndGlobalSection
	GlobalSection(SolutionProperties) = preSolution
		HideSolutionNode = FALSE
	EndGlobalSection
	GlobalSection(NestedProjects) = preSolution
		{FD950E5D-F39E-40F8-A8BB-46F5A46F3A9F} = {D7A80096-D2E1-44E2-91F5-B1F40EBA4FBD}
		{8530039B-23FD-4B8A-84CC-8662804AC2F9} = {FD950E5D-F39E-40F8-A8BB-46F5A46F3A9F}
		{132B12A0-4224-4255-BF9A-AF72F1819AB6} = {FD950E5D-F39E-40F8-A8BB-46F5A46F3A9F}
		{9795F0BF-7D9B-44A0-8919-30FAEABEB2C4} = {D7A80096-D2E1-44E2-91F5-B1F40EBA4FBD}
		{EF9134C4-13BC-49EF-B9C4-4C5199898A53} = {9795F0BF-7D9B-44A0-8919-30FAEABEB2C4}
		{C70B6BA5-7A46-42C6-9569-30B309BBCEBE} = {D7A80096-D2E1-44E2-91F5-B1F40EBA4FBD}
		{8C7EC26F-6847-4189-9C1D-7013DD910C58} = {C70B6BA5-7A46-42C6-9569-30B309BBCEBE}
		{EA492D7C-FE6F-4B73-AEAE-72CFA8199B9F} = {C70B6BA5-7A46-42C6-9569-30B309BBCEBE}
		{FBD7AA9E-5F16-452A-9513-8EEB9B45D65A} = {D7A80096-D2E1-44E2-91F5-B1F40EBA4FBD}
		{F0DA2739-1FED-40BE-88C8-4C0EF07457A1} = {CBD790E8-2A40-4DA0-8B55-A7C5715C7AFD}
		{EFEF37B1-814C-4069-A416-1A91CC434C05} = {CBD790E8-2A40-4DA0-8B55-A7C5715C7AFD}
		{08338ED4-1DF9-4793-85CE-56A669AEACDB} = {C70B6BA5-7A46-42C6-9569-30B309BBCEBE}
		{C5FA5A5A-9913-4EFD-BE8C-A836FD892A42} = {CBD790E8-2A40-4DA0-8B55-A7C5715C7AFD}
		{9191EE14-D852-4859-B252-C381828AF840} = {CBD790E8-2A40-4DA0-8B55-A7C5715C7AFD}
		{E460DA9E-053D-49F8-8B57-E6D26D8C4C82} = {C70B6BA5-7A46-42C6-9569-30B309BBCEBE}
		{5FBBB061-949A-47D0-B4C3-B4977FF48C87} = {FD950E5D-F39E-40F8-A8BB-46F5A46F3A9F}
		{CBD790E8-2A40-4DA0-8B55-A7C5715C7AFD} = {FBD7AA9E-5F16-452A-9513-8EEB9B45D65A}
		{86D008A0-B776-4C8B-B33F-C48A21E1BA2B} = {FBD7AA9E-5F16-452A-9513-8EEB9B45D65A}
		{66E257A3-5B65-4A3D-8C44-A904726D5E75} = {86D008A0-B776-4C8B-B33F-C48A21E1BA2B}
		{AEC28CFC-C3BF-42F3-9D79-CD4772FA3AD3} = {86D008A0-B776-4C8B-B33F-C48A21E1BA2B}
		{DF41CC28-5DB9-4605-A5B0-AF4563644656} = {86D008A0-B776-4C8B-B33F-C48A21E1BA2B}
	EndGlobalSection
	GlobalSection(ExtensibilityGlobals) = postSolution
		SolutionGuid = {C8ABC309-DD14-493A-8DFA-14E4FFC74FF6}
	EndGlobalSection
EndGlobal
